
Microsoft Visual Studio Solution File, Format Version 12.00
# Visual Studio Version 17
VisualStudioVersion = 17.0.32112.339
MinimumVisualStudioVersion = 10.0.40219.1
Project("{9A19103F-16F7-4668-BE54-9A1E7A4F7556}") = "BookStore", "BookStore.csproj", "{6BCBF120-F40D-4213-9A0D-7A38B9EBAEDF}"
EndProject
Global
	GlobalSection(SolutionConfigurationPlatforms) = preSolution
		Debug|Any CPU = Debug|Any CPU
		Release|Any CPU = Release|Any CPU
	EndGlobalSection
	GlobalSection(ProjectConfigurationPlatforms) = postSolution
		{6BCBF120-F40D-4213-9A0D-7A38B9EBAEDF}.Debug|Any CPU.ActiveCfg = Debug|Any CPU
		{6BCBF120-F40D-4213-9A0D-7A38B9EBAEDF}.Debug|Any CPU.Build.0 = Debug|Any CPU
		{6BCBF120-F40D-4213-9A0D-7A38B9EBAEDF}.Release|Any CPU.ActiveCfg = Release|Any CPU
		{6BCBF120-F40D-4213-9A0D-7A38B9EBAEDF}.Release|Any CPU.Build.0 = Release|Any CPU
	EndGlobalSection
	GlobalSection(SolutionProperties) = preSolution
		HideSolutionNode = FALSE
	EndGlobalSection
	GlobalSection(ExtensibilityGlobals) = postSolution
		SolutionGuid = {F7FE6965-B650-4860-B70C-C829AF1B6DEB}
	EndGlobalSection
EndGlobal
